
Microsoft Visual Studio Solution File, Format Version 12.00
# Visual Studio Version 17
VisualStudioVersion = 17.5.2.0
MinimumVisualStudioVersion = 10.0.40219.1
Project("{FAE04EC0-301F-11D3-BF4B-00C04F79EFBC}") = "controleEncomendas", "controleEncomendas\controleEncomendas.csproj", "{191D07F9-F8C3-6DEF-D0D8-DF55C8AC4FF2}"
EndProject
Project("{FAE04EC0-301F-11D3-BF4B-00C04F79EFBC}") = "encomendasConsole", "encomendasConsole\encomendasConsole.csproj", "{3EC85482-76B0-4411-BE01-347D0C46D010}"
EndProject
Global
	GlobalSection(SolutionConfigurationPlatforms) = preSolution
		Debug|Any CPU = Debug|Any CPU
		Debug|x64 = Debug|x64
		Debug|x86 = Debug|x86
		Release|Any CPU = Release|Any CPU
		Release|x64 = Release|x64
		Release|x86 = Release|x86
	EndGlobalSection
	GlobalSection(ProjectConfigurationPlatforms) = postSolution
		{191D07F9-F8C3-6DEF-D0D8-DF55C8AC4FF2}.Debug|Any CPU.ActiveCfg = Debug|Any CPU
		{191D07F9-F8C3-6DEF-D0D8-DF55C8AC4FF2}.Debug|Any CPU.Build.0 = Debug|Any CPU
		{191D07F9-F8C3-6DEF-D0D8-DF55C8AC4FF2}.Debug|x64.ActiveCfg = Debug|Any CPU
		{191D07F9-F8C3-6DEF-D0D8-DF55C8AC4FF2}.Debug|x64.Build.0 = Debug|Any CPU
		{191D07F9-F8C3-6DEF-D0D8-DF55C8AC4FF2}.Debug|x86.ActiveCfg = Debug|Any CPU
		{191D07F9-F8C3-6DEF-D0D8-DF55C8AC4FF2}.Debug|x86.Build.0 = Debug|Any CPU
		{191D07F9-F8C3-6DEF-D0D8-DF55C8AC4FF2}.Release|Any CPU.ActiveCfg = Release|Any CPU
		{191D07F9-F8C3-6DEF-D0D8-DF55C8AC4FF2}.Release|Any CPU.Build.0 = Release|Any CPU
		{191D07F9-F8C3-6DEF-D0D8-DF55C8AC4FF2}.Release|x64.ActiveCfg = Release|Any CPU
		{191D07F9-F8C3-6DEF-D0D8-DF55C8AC4FF2}.Release|x64.Build.0 = Release|Any CPU
		{191D07F9-F8C3-6DEF-D0D8-DF55C8AC4FF2}.Release|x86.ActiveCfg = Release|Any CPU
		{191D07F9-F8C3-6DEF-D0D8-DF55C8AC4FF2}.Release|x86.Build.0 = Release|Any CPU
		{3EC85482-76B0-4411-BE01-347D0C46D010}.Debug|Any CPU.ActiveCfg = Debug|Any CPU
		{3EC85482-76B0-4411-BE01-347D0C46D010}.Debug|Any CPU.Build.0 = Debug|Any CPU
		{3EC85482-76B0-4411-BE01-347D0C46D010}.Debug|x64.ActiveCfg = Debug|Any CPU
		{3EC85482-76B0-4411-BE01-347D0C46D010}.Debug|x64.Build.0 = Debug|Any CPU
		{3EC85482-76B0-4411-BE01-347D0C46D010}.Debug|x86.ActiveCfg = Debug|Any CPU
		{3EC85482-76B0-4411-BE01-347D0C46D010}.Debug|x86.Build.0 = Debug|Any CPU
		{3EC85482-76B0-4411-BE01-347D0C46D010}.Release|Any CPU.ActiveCfg = Release|Any CPU
		{3EC85482-76B0-4411-BE01-347D0C46D010}.Release|Any CPU.Build.0 = Release|Any CPU
		{3EC85482-76B0-4411-BE01-347D0C46D010}.Release|x64.ActiveCfg = Release|Any CPU
		{3EC85482-76B0-4411-BE01-347D0C46D010}.Release|x64.Build.0 = Release|Any CPU
		{3EC85482-76B0-4411-BE01-347D0C46D010}.Release|x86.ActiveCfg = Release|Any CPU
		{3EC85482-76B0-4411-BE01-347D0C46D010}.Release|x86.Build.0 = Release|Any CPU
	EndGlobalSection
	GlobalSection(SolutionProperties) = preSolution
		HideSolutionNode = FALSE
	EndGlobalSection
	GlobalSection(ExtensibilityGlobals) = postSolution
		SolutionGuid = {7C0A369D-FC4D-4410-8089-D8B96326816B}
	EndGlobalSection
EndGlobal
