
Microsoft Visual Studio Solution File, Format Version 12.00
# Visual Studio Version 17
VisualStudioVersion = 17.10.35013.160
MinimumVisualStudioVersion = 10.0.40219.1
Project("{9A19103F-16F7-4668-BE54-9A1E7A4F7556}") = "InventarioMed_API", "InventarioMed_API\InventarioMed_API.csproj", "{B0897543-A7A1-4F4A-99BF-D97BF41B0805}"
EndProject
Project("{9A19103F-16F7-4668-BE54-9A1E7A4F7556}") = "InventarioMed_Console", "InventarioMed_Console\InventarioMed_Console.csproj", "{37EFC8A9-1FBC-4224-A913-1DE376A08773}"
EndProject
Project("{FAE04EC0-301F-11D3-BF4B-00C04F79EFBC}") = "InventarioMed.Shared.Models", "InventarioMed.Shared.Models\InventarioMed.Shared.Models.csproj", "{2E5FEB01-97AB-412A-BA51-4B5E424F491F}"
EndProject
Project("{FAE04EC0-301F-11D3-BF4B-00C04F79EFBC}") = "InventarioMed.Shared.Data", "InventarioMed.Shared.Data\InventarioMed.Shared.Data.csproj", "{8B6D1D7C-EB3B-4EB3-A06D-2DAE39462BD2}"
EndProject
Global
	GlobalSection(SolutionConfigurationPlatforms) = preSolution
		Debug|Any CPU = Debug|Any CPU
		Release|Any CPU = Release|Any CPU
	EndGlobalSection
	GlobalSection(ProjectConfigurationPlatforms) = postSolution
		{B0897543-A7A1-4F4A-99BF-D97BF41B0805}.Debug|Any CPU.ActiveCfg = Debug|Any CPU
		{B0897543-A7A1-4F4A-99BF-D97BF41B0805}.Debug|Any CPU.Build.0 = Debug|Any CPU
		{B0897543-A7A1-4F4A-99BF-D97BF41B0805}.Release|Any CPU.ActiveCfg = Release|Any CPU
		{B0897543-A7A1-4F4A-99BF-D97BF41B0805}.Release|Any CPU.Build.0 = Release|Any CPU
		{37EFC8A9-1FBC-4224-A913-1DE376A08773}.Debug|Any CPU.ActiveCfg = Debug|Any CPU
		{37EFC8A9-1FBC-4224-A913-1DE376A08773}.Debug|Any CPU.Build.0 = Debug|Any CPU
		{37EFC8A9-1FBC-4224-A913-1DE376A08773}.Release|Any CPU.ActiveCfg = Release|Any CPU
		{37EFC8A9-1FBC-4224-A913-1DE376A08773}.Release|Any CPU.Build.0 = Release|Any CPU
		{2E5FEB01-97AB-412A-BA51-4B5E424F491F}.Debug|Any CPU.ActiveCfg = Debug|Any CPU
		{2E5FEB01-97AB-412A-BA51-4B5E424F491F}.Debug|Any CPU.Build.0 = Debug|Any CPU
		{2E5FEB01-97AB-412A-BA51-4B5E424F491F}.Release|Any CPU.ActiveCfg = Release|Any CPU
		{2E5FEB01-97AB-412A-BA51-4B5E424F491F}.Release|Any CPU.Build.0 = Release|Any CPU
		{8B6D1D7C-EB3B-4EB3-A06D-2DAE39462BD2}.Debug|Any CPU.ActiveCfg = Debug|Any CPU
		{8B6D1D7C-EB3B-4EB3-A06D-2DAE39462BD2}.Debug|Any CPU.Build.0 = Debug|Any CPU
		{8B6D1D7C-EB3B-4EB3-A06D-2DAE39462BD2}.Release|Any CPU.ActiveCfg = Release|Any CPU
		{8B6D1D7C-EB3B-4EB3-A06D-2DAE39462BD2}.Release|Any CPU.Build.0 = Release|Any CPU
	EndGlobalSection
	GlobalSection(SolutionProperties) = preSolution
		HideSolutionNode = FALSE
	EndGlobalSection
	GlobalSection(ExtensibilityGlobals) = postSolution
		SolutionGuid = {D3195F7A-0CCE-44CE-B2DE-0C66A9B32FB6}
	EndGlobalSection
EndGlobal
